{
  "name": "ordering-system",
  "version": "1.0.0",
  "lockfileVersion": 1,
  "requires": true,
  "dependencies": {
    "lru-cache": {
      "version": "7.7.3",
      "resolved": "https://registry.npmjs.org/lru-cache/-/lru-cache-7.7.3.tgz",
      "integrity": "sha512-WY9wjJNQt9+PZilnLbuFKM+SwDull9+6IAguOrarOMoOHTcJ9GnXSO11+Gw6c7xtDkBkthR57OZMtZKYr+1CEw=="
    },
    "semver": {
      "version": "7.3.6",
      "resolved": "https://registry.npmjs.org/semver/-/semver-7.3.6.tgz",
      "integrity": "sha512-HZWqcgwLsjaX1HBD31msI/rXktuIhS+lWvdE4kN9z+8IVT4Itc7vqU2WvYsyD6/sjYCt4dEKH/m1M3dwI9CC5w==",
      "requires": {
        "lru-cache": "^7.4.0"
      }
    },
    "serverless-pseudo-parameters": {
      "version": "2.6.1",
      "resolved": "https://registry.npmjs.org/serverless-pseudo-parameters/-/serverless-pseudo-parameters-2.6.1.tgz",
      "integrity": "sha512-mHedRk4l7O6OlzFh3++WInQoBfwUy/B10VL0eHMiiV4xwA5hJui45lp00eMSe7Ga0qj1eV91LqeYv8wu98Vekw==",
      "requires": {
        "semver": "^7.3.5"
      }
    },
    "uuid": {
      "version": "8.3.2",
      "resolved": "https://registry.npmjs.org/uuid/-/uuid-8.3.2.tgz",
      "integrity": "sha512-+NYs2QeMWy+GWFOEm9xnn6HCDp0l7QBD7ml8zLUmJ+93Q5NF0NocErnwkTkXVFNiX3/fpC6afS8Dhb/gz7R7eg=="
    }
  }
}
